
Microsoft Visual Studio Solution File, Format Version 12.00
# Visual Studio Version 16
VisualStudioVersion = 16.0.31911.196
MinimumVisualStudioVersion = 10.0.40219.1
Project("{9A19103F-16F7-4668-BE54-9A1E7A4F7556}") = "AppLayouts", "AppLayouts\AppLayouts.csproj", "{DBBEF3D4-4A81-4133-BEEF-55F31F0C49CE}"
EndProject
Project("{FAE04EC0-301F-11D3-BF4B-00C04F79EFBC}") = "Apariencia", "Apariencia\Apariencia.csproj", "{C795ACDC-94CE-4511-83BC-B89ED847040E}"
EndProject
Global
	GlobalSection(SolutionConfigurationPlatforms) = preSolution
		Debug|Any CPU = Debug|Any CPU
		Release|Any CPU = Release|Any CPU
	EndGlobalSection
	GlobalSection(ProjectConfigurationPlatforms) = postSolution
		{DBBEF3D4-4A81-4133-BEEF-55F31F0C49CE}.Debug|Any CPU.ActiveCfg = Debug|Any CPU
		{DBBEF3D4-4A81-4133-BEEF-55F31F0C49CE}.Debug|Any CPU.Build.0 = Debug|Any CPU
		{DBBEF3D4-4A81-4133-BEEF-55F31F0C49CE}.Release|Any CPU.ActiveCfg = Release|Any CPU
		{DBBEF3D4-4A81-4133-BEEF-55F31F0C49CE}.Release|Any CPU.Build.0 = Release|Any CPU
		{C795ACDC-94CE-4511-83BC-B89ED847040E}.Debug|Any CPU.ActiveCfg = Debug|Any CPU
		{C795ACDC-94CE-4511-83BC-B89ED847040E}.Debug|Any CPU.Build.0 = Debug|Any CPU
		{C795ACDC-94CE-4511-83BC-B89ED847040E}.Release|Any CPU.ActiveCfg = Release|Any CPU
		{C795ACDC-94CE-4511-83BC-B89ED847040E}.Release|Any CPU.Build.0 = Release|Any CPU
	EndGlobalSection
	GlobalSection(SolutionProperties) = preSolution
		HideSolutionNode = FALSE
	EndGlobalSection
	GlobalSection(ExtensibilityGlobals) = postSolution
		SolutionGuid = {8CCB5AF6-64A1-433C-B641-A300F58D3701}
	EndGlobalSection
EndGlobal
